
Microsoft Visual Studio Solution File, Format Version 12.00
# Visual Studio Version 17
VisualStudioVersion = 17.9.34701.34
MinimumVisualStudioVersion = 10.0.40219.1
Project("{9A19103F-16F7-4668-BE54-9A1E7A4F7556}") = "FastBase.API", "FastBase.API\FastBase.API.csproj", "{98836666-2668-44FA-BC48-49C7C62BBCB0}"
EndProject
Project("{FAE04EC0-301F-11D3-BF4B-00C04F79EFBC}") = "FastBase.Authentication", "FastBase.Authentication\FastBase.Authentication.csproj", "{9390B3BF-F2ED-4309-9990-C05DF4E583A1}"
EndProject
Project("{FAE04EC0-301F-11D3-BF4B-00C04F79EFBC}") = "FastBase.Models", "FastBase.Models\FastBase.Models.csproj", "{5696117D-94E0-4DD3-8B81-1E5AB16602A9}"
EndProject
Project("{FAE04EC0-301F-11D3-BF4B-00C04F79EFBC}") = "FastBase.Services", "FastBase.Services\FastBase.Services.csproj", "{80AA943F-FC22-4C10-BF40-DEF1561B1953}"
EndProject
Project("{FAE04EC0-301F-11D3-BF4B-00C04F79EFBC}") = "FastBase.Repository", "FastBase.Repository\FastBase.Repository.csproj", "{E369F0CD-FE3F-4CB3-962F-DB1B997038C4}"
EndProject
Project("{FAE04EC0-301F-11D3-BF4B-00C04F79EFBC}") = "FastBase.Domain", "FastBase.Domain\FastBase.Domain.csproj", "{4945252A-9C69-4B16-A537-CC9A1AC904C9}"
EndProject
Project("{FAE04EC0-301F-11D3-BF4B-00C04F79EFBC}") = "FastBase.SchemaBuilder", "FastBase.SchemaBuilder\FastBase.SchemaBuilder.csproj", "{271443B4-FBD2-4FEC-8FD6-D48CF2479483}"
EndProject
Project("{FAE04EC0-301F-11D3-BF4B-00C04F79EFBC}") = "FastBase.Email", "FastBase.Email\FastBase.Email.csproj", "{BB0F51A6-7F96-4588-B6F6-410C8C66FFF8}"
EndProject
Project("{FAE04EC0-301F-11D3-BF4B-00C04F79EFBC}") = "FastBase.Core", "FastBase.Core\FastBase.Core.csproj", "{FD56581A-CC68-4519-BDDD-425E306C211B}"
EndProject
Project("{FAE04EC0-301F-11D3-BF4B-00C04F79EFBC}") = "FastBase.Logging", "FastBase.Logging\FastBase.Logging.csproj", "{68891C6B-299C-42AA-AF6C-7836420B30C1}"
EndProject
Project("{FAE04EC0-301F-11D3-BF4B-00C04F79EFBC}") = "FastBase.Shared", "FastBase.Shared\FastBase.Shared.csproj", "{A9128EF4-B0C9-4431-8425-F441BC41479C}"
EndProject
Project("{FAE04EC0-301F-11D3-BF4B-00C04F79EFBC}") = "FastBase.NUnit", "FastBase.NUnit\FastBase.NUnit.csproj", "{5ACCC7D5-8EB1-448E-8723-B2C9CFB0BA26}"
EndProject
Global
	GlobalSection(SolutionConfigurationPlatforms) = preSolution
		Debug|Any CPU = Debug|Any CPU
		Release|Any CPU = Release|Any CPU
	EndGlobalSection
	GlobalSection(ProjectConfigurationPlatforms) = postSolution
		{98836666-2668-44FA-BC48-49C7C62BBCB0}.Debug|Any CPU.ActiveCfg = Debug|Any CPU
		{98836666-2668-44FA-BC48-49C7C62BBCB0}.Debug|Any CPU.Build.0 = Debug|Any CPU
		{98836666-2668-44FA-BC48-49C7C62BBCB0}.Release|Any CPU.ActiveCfg = Release|Any CPU
		{98836666-2668-44FA-BC48-49C7C62BBCB0}.Release|Any CPU.Build.0 = Release|Any CPU
		{9390B3BF-F2ED-4309-9990-C05DF4E583A1}.Debug|Any CPU.ActiveCfg = Debug|Any CPU
		{9390B3BF-F2ED-4309-9990-C05DF4E583A1}.Debug|Any CPU.Build.0 = Debug|Any CPU
		{9390B3BF-F2ED-4309-9990-C05DF4E583A1}.Release|Any CPU.ActiveCfg = Release|Any CPU
		{9390B3BF-F2ED-4309-9990-C05DF4E583A1}.Release|Any CPU.Build.0 = Release|Any CPU
		{5696117D-94E0-4DD3-8B81-1E5AB16602A9}.Debug|Any CPU.ActiveCfg = Debug|Any CPU
		{5696117D-94E0-4DD3-8B81-1E5AB16602A9}.Debug|Any CPU.Build.0 = Debug|Any CPU
		{5696117D-94E0-4DD3-8B81-1E5AB16602A9}.Release|Any CPU.ActiveCfg = Release|Any CPU
		{5696117D-94E0-4DD3-8B81-1E5AB16602A9}.Release|Any CPU.Build.0 = Release|Any CPU
		{80AA943F-FC22-4C10-BF40-DEF1561B1953}.Debug|Any CPU.ActiveCfg = Debug|Any CPU
		{80AA943F-FC22-4C10-BF40-DEF1561B1953}.Debug|Any CPU.Build.0 = Debug|Any CPU
		{80AA943F-FC22-4C10-BF40-DEF1561B1953}.Release|Any CPU.ActiveCfg = Release|Any CPU
		{80AA943F-FC22-4C10-BF40-DEF1561B1953}.Release|Any CPU.Build.0 = Release|Any CPU
		{E369F0CD-FE3F-4CB3-962F-DB1B997038C4}.Debug|Any CPU.ActiveCfg = Debug|Any CPU
		{E369F0CD-FE3F-4CB3-962F-DB1B997038C4}.Debug|Any CPU.Build.0 = Debug|Any CPU
		{E369F0CD-FE3F-4CB3-962F-DB1B997038C4}.Release|Any CPU.ActiveCfg = Release|Any CPU
		{E369F0CD-FE3F-4CB3-962F-DB1B997038C4}.Release|Any CPU.Build.0 = Release|Any CPU
		{4945252A-9C69-4B16-A537-CC9A1AC904C9}.Debug|Any CPU.ActiveCfg = Debug|Any CPU
		{4945252A-9C69-4B16-A537-CC9A1AC904C9}.Debug|Any CPU.Build.0 = Debug|Any CPU
		{4945252A-9C69-4B16-A537-CC9A1AC904C9}.Release|Any CPU.ActiveCfg = Release|Any CPU
		{4945252A-9C69-4B16-A537-CC9A1AC904C9}.Release|Any CPU.Build.0 = Release|Any CPU
		{271443B4-FBD2-4FEC-8FD6-D48CF2479483}.Debug|Any CPU.ActiveCfg = Debug|Any CPU
		{271443B4-FBD2-4FEC-8FD6-D48CF2479483}.Debug|Any CPU.Build.0 = Debug|Any CPU
		{271443B4-FBD2-4FEC-8FD6-D48CF2479483}.Release|Any CPU.ActiveCfg = Release|Any CPU
		{271443B4-FBD2-4FEC-8FD6-D48CF2479483}.Release|Any CPU.Build.0 = Release|Any CPU
		{BB0F51A6-7F96-4588-B6F6-410C8C66FFF8}.Debug|Any CPU.ActiveCfg = Debug|Any CPU
		{BB0F51A6-7F96-4588-B6F6-410C8C66FFF8}.Debug|Any CPU.Build.0 = Debug|Any CPU
		{BB0F51A6-7F96-4588-B6F6-410C8C66FFF8}.Release|Any CPU.ActiveCfg = Release|Any CPU
		{BB0F51A6-7F96-4588-B6F6-410C8C66FFF8}.Release|Any CPU.Build.0 = Release|Any CPU
		{FD56581A-CC68-4519-BDDD-425E306C211B}.Debug|Any CPU.ActiveCfg = Debug|Any CPU
		{FD56581A-CC68-4519-BDDD-425E306C211B}.Debug|Any CPU.Build.0 = Debug|Any CPU
		{FD56581A-CC68-4519-BDDD-425E306C211B}.Release|Any CPU.ActiveCfg = Release|Any CPU
		{FD56581A-CC68-4519-BDDD-425E306C211B}.Release|Any CPU.Build.0 = Release|Any CPU
		{68891C6B-299C-42AA-AF6C-7836420B30C1}.Debug|Any CPU.ActiveCfg = Debug|Any CPU
		{68891C6B-299C-42AA-AF6C-7836420B30C1}.Debug|Any CPU.Build.0 = Debug|Any CPU
		{68891C6B-299C-42AA-AF6C-7836420B30C1}.Release|Any CPU.ActiveCfg = Release|Any CPU
		{68891C6B-299C-42AA-AF6C-7836420B30C1}.Release|Any CPU.Build.0 = Release|Any CPU
		{A9128EF4-B0C9-4431-8425-F441BC41479C}.Debug|Any CPU.ActiveCfg = Debug|Any CPU
		{A9128EF4-B0C9-4431-8425-F441BC41479C}.Debug|Any CPU.Build.0 = Debug|Any CPU
		{A9128EF4-B0C9-4431-8425-F441BC41479C}.Release|Any CPU.ActiveCfg = Release|Any CPU
		{A9128EF4-B0C9-4431-8425-F441BC41479C}.Release|Any CPU.Build.0 = Release|Any CPU
		{5ACCC7D5-8EB1-448E-8723-B2C9CFB0BA26}.Debug|Any CPU.ActiveCfg = Debug|Any CPU
		{5ACCC7D5-8EB1-448E-8723-B2C9CFB0BA26}.Debug|Any CPU.Build.0 = Debug|Any CPU
		{5ACCC7D5-8EB1-448E-8723-B2C9CFB0BA26}.Release|Any CPU.ActiveCfg = Release|Any CPU
		{5ACCC7D5-8EB1-448E-8723-B2C9CFB0BA26}.Release|Any CPU.Build.0 = Release|Any CPU
	EndGlobalSection
	GlobalSection(SolutionProperties) = preSolution
		HideSolutionNode = FALSE
	EndGlobalSection
	GlobalSection(ExtensibilityGlobals) = postSolution
		SolutionGuid = {AA2FEFEA-DBD5-4958-95BF-18FB55227C48}
	EndGlobalSection
EndGlobal
